// !$*UTF8*$!
{
	archiveVersion = 1;
	classes = {
	};
	objectVersion = 50;
	objects = {

/* Begin PBXBuildFile section */
		F72996BD21874C2900BC9D99 /* DatabaseHelper.swift in Sources */ = {isa = PBXBuildFile; fileRef = F72996BC21874C2900BC9D99 /* DatabaseHelper.swift */; };
		F7586ECA2199C34E0080A5A6 /* libsqlite3.tbd in Frameworks */ = {isa = PBXBuildFile; fileRef = F7586EC92199C34D0080A5A6 /* libsqlite3.tbd */; settings = {ATTRIBUTES = (Required, ); }; };
		F7DCDBEC2199AD3C001A5034 /* InternetConnection.swift in Sources */ = {isa = PBXBuildFile; fileRef = F7DCDBEB2199AD3C001A5034 /* InternetConnection.swift */; };
		F7F57D92217A07F10012C466 /* AppDelegate.swift in Sources */ = {isa = PBXBuildFile; fileRef = F7F57D91217A07F10012C466 /* AppDelegate.swift */; };
		F7F57D94217A07F10012C466 /* MainListViewController.swift in Sources */ = {isa = PBXBuildFile; fileRef = F7F57D93217A07F10012C466 /* MainListViewController.swift */; };
		F7F57D97217A07F10012C466 /* Main.storyboard in Resources */ = {isa = PBXBuildFile; fileRef = F7F57D95217A07F10012C466 /* Main.storyboard */; };
		F7F57D9A217A07F10012C466 /* tabletry.xcdatamodeld in Sources */ = {isa = PBXBuildFile; fileRef = F7F57D98217A07F10012C466 /* tabletry.xcdatamodeld */; };
		F7F57D9C217A07F20012C466 /* Assets.xcassets in Resources */ = {isa = PBXBuildFile; fileRef = F7F57D9B217A07F20012C466 /* Assets.xcassets */; };
		F7F57D9F217A07F20012C466 /* LaunchScreen.storyboard in Resources */ = {isa = PBXBuildFile; fileRef = F7F57D9D217A07F20012C466 /* LaunchScreen.storyboard */; };
		F7F57DB3217E556C0012C466 /* DetailViewController.swift in Sources */ = {isa = PBXBuildFile; fileRef = F7F57DB2217E556C0012C466 /* DetailViewController.swift */; };
		F7F57DB7217F73050012C466 /* BasketTableViewController.swift in Sources */ = {isa = PBXBuildFile; fileRef = F7F57DB6217F73050012C466 /* BasketTableViewController.swift */; };
		F7F57DB9217F76490012C466 /* MyItem.swift in Sources */ = {isa = PBXBuildFile; fileRef = F7F57DB8217F76490012C466 /* MyItem.swift */; };
/* End PBXBuildFile section */

/* Begin PBXFileReference section */
		F72996BC21874C2900BC9D99 /* DatabaseHelper.swift */ = {isa = PBXFileReference; lastKnownFileType = sourcecode.swift; path = DatabaseHelper.swift; sourceTree = "<group>"; };
		F7586EC92199C34D0080A5A6 /* libsqlite3.tbd */ = {isa = PBXFileReference; lastKnownFileType = "sourcecode.text-based-dylib-definition"; name = libsqlite3.tbd; path = usr/lib/libsqlite3.tbd; sourceTree = SDKROOT; };
		F7DCDBEB2199AD3C001A5034 /* InternetConnection.swift */ = {isa = PBXFileReference; lastKnownFileType = sourcecode.swift; path = InternetConnection.swift; sourceTree = "<group>"; };
		F7F57D8E217A07F10012C466 /* tabletry.app */ = {isa = PBXFileReference; explicitFileType = wrapper.application; includeInIndex = 0; path = tabletry.app; sourceTree = BUILT_PRODUCTS_DIR; };
		F7F57D91217A07F10012C466 /* AppDelegate.swift */ = {isa = PBXFileReference; lastKnownFileType = sourcecode.swift; path = AppDelegate.swift; sourceTree = "<group>"; };
		F7F57D93217A07F10012C466 /* MainListViewController.swift */ = {isa = PBXFileReference; lastKnownFileType = sourcecode.swift; path = MainListViewController.swift; sourceTree = "<group>"; };
		F7F57D96217A07F10012C466 /* Base */ = {isa = PBXFileReference; lastKnownFileType = file.storyboard; name = Base; path = Base.lproj/Main.storyboard; sourceTree = "<group>"; };
		F7F57D99217A07F10012C466 /* tabletry.xcdatamodel */ = {isa = PBXFileReference; lastKnownFileType = wrapper.xcdatamodel; path = tabletry.xcdatamodel; sourceTree = "<group>"; };
		F7F57D9B217A07F20012C466 /* Assets.xcassets */ = {isa = PBXFileReference; lastKnownFileType = folder.assetcatalog; path = Assets.xcassets; sourceTree = "<group>"; };
		F7F57D9E217A07F20012C466 /* Base */ = {isa = PBXFileReference; lastKnownFileType = file.storyboard; name = Base; path = Base.lproj/LaunchScreen.storyboard; sourceTree = "<group>"; };
		F7F57DA0217A07F20012C466 /* Info.plist */ = {isa = PBXFileReference; lastKnownFileType = text.plist.xml; path = Info.plist; sourceTree = "<group>"; };
		F7F57DB2217E556C0012C466 /* DetailViewController.swift */ = {isa = PBXFileReference; lastKnownFileType = sourcecode.swift; path = DetailViewController.swift; sourceTree = "<group>"; };
		F7F57DB6217F73050012C466 /* BasketTableViewController.swift */ = {isa = PBXFileReference; lastKnownFileType = sourcecode.swift; path = BasketTableViewController.swift; sourceTree = "<group>"; };
		F7F57DB8217F76490012C466 /* MyItem.swift */ = {isa = PBXFileReference; lastKnownFileType = sourcecode.swift; path = MyItem.swift; sourceTree = "<group>"; };
/* End PBXFileReference section */

/* Begin PBXFrameworksBuildPhase section */
		F7F57D8B217A07F10012C466 /* Frameworks */ = {
			isa = PBXFrameworksBuildPhase;
			buildActionMask = 2147483647;
			files = (
				F7586ECA2199C34E0080A5A6 /* libsqlite3.tbd in Frameworks */,
			);
			runOnlyForDeploymentPostprocessing = 0;
		};
/* End PBXFrameworksBuildPhase section */

/* Begin PBXGroup section */
		9DCC3980ADD67E4F3B0E36B7 /* Frameworks */ = {
			isa = PBXGroup;
			children = (
				F7586EC92199C34D0080A5A6 /* libsqlite3.tbd */,
			);
			name = Frameworks;
			sourceTree = "<group>";
		};
		F7586F0A219DBC5D0080A5A6 /* ViewControllers */ = {
			isa = PBXGroup;
			children = (
				F7F57D93217A07F10012C466 /* MainListViewController.swift */,
				F7F57DB6217F73050012C466 /* BasketTableViewController.swift */,
				F7F57DB2217E556C0012C466 /* DetailViewController.swift */,
			);
			path = ViewControllers;
			sourceTree = "<group>";
		};
		F7586F0B219DBC770080A5A6 /* Utils */ = {
			isa = PBXGroup;
			children = (
				F72996BC21874C2900BC9D99 /* DatabaseHelper.swift */,
				F7DCDBEB2199AD3C001A5034 /* InternetConnection.swift */,
			);
			path = Utils;
			sourceTree = "<group>";
		};
		F7586F0C219DBC800080A5A6 /* DataModel */ = {
			isa = PBXGroup;
			children = (
				F7F57DB8217F76490012C466 /* MyItem.swift */,
			);
			path = DataModel;
			sourceTree = "<group>";
		};
		F7F57D85217A07F10012C466 = {
			isa = PBXGroup;
			children = (
				F7F57D90217A07F10012C466 /* tabletry */,
				F7F57D8F217A07F10012C466 /* Products */,
				9DCC3980ADD67E4F3B0E36B7 /* Frameworks */,
			);
			sourceTree = "<group>";
		};
		F7F57D8F217A07F10012C466 /* Products */ = {
			isa = PBXGroup;
			children = (
				F7F57D8E217A07F10012C466 /* tabletry.app */,
			);
			name = Products;
			sourceTree = "<group>";
		};
		F7F57D90217A07F10012C466 /* tabletry */ = {
			isa = PBXGroup;
			children = (
				F7F57D91217A07F10012C466 /* AppDelegate.swift */,
				F7586F0B219DBC770080A5A6 /* Utils */,
				F7586F0A219DBC5D0080A5A6 /* ViewControllers */,
				F7586F0C219DBC800080A5A6 /* DataModel */,
				F7F57D95217A07F10012C466 /* Main.storyboard */,
				F7F57D9B217A07F20012C466 /* Assets.xcassets */,
				F7F57D9D217A07F20012C466 /* LaunchScreen.storyboard */,
				F7F57DA0217A07F20012C466 /* Info.plist */,
				F7F57D98217A07F10012C466 /* tabletry.xcdatamodeld */,
			);
			path = tabletry;
			sourceTree = "<group>";
		};
/* End PBXGroup section */

/* Begin PBXNativeTarget section */
		F7F57D8D217A07F10012C466 /* tabletry */ = {
			isa = PBXNativeTarget;
			buildConfigurationList = F7F57DA3217A07F20012C466 /* Build configuration list for PBXNativeTarget "tabletry" */;
			buildPhases = (
				F7F57D8A217A07F10012C466 /* Sources */,
				F7F57D8B217A07F10012C466 /* Frameworks */,
				F7F57D8C217A07F10012C466 /* Resources */,
			);
			buildRules = (
			);
			dependencies = (
			);
			name = tabletry;
			productName = tabletry;
			productReference = F7F57D8E217A07F10012C466 /* tabletry.app */;
			productType = "com.apple.product-type.application";
		};
/* End PBXNativeTarget section */

/* Begin PBXProject section */
		F7F57D86217A07F10012C466 /* Project object */ = {
			isa = PBXProject;
			attributes = {
				LastSwiftUpdateCheck = 1000;
				LastUpgradeCheck = 1000;
				ORGANIZATIONNAME = "Pramod Guruprasad";
				TargetAttributes = {
					F7F57D8D217A07F10012C466 = {
						CreatedOnToolsVersion = 10.0;
					};
				};
			};
			buildConfigurationList = F7F57D89217A07F10012C466 /* Build configuration list for PBXProject "tabletry" */;
			compatibilityVersion = "Xcode 9.3";
			developmentRegion = en;
			hasScannedForEncodings = 0;
			knownRegions = (
				en,
				Base,
			);
			mainGroup = F7F57D85217A07F10012C466;
			productRefGroup = F7F57D8F217A07F10012C466 /* Products */;
			projectDirPath = "";
			projectRoot = "";
			targets = (
				F7F57D8D217A07F10012C466 /* tabletry */,
			);
		};
/* End PBXProject section */

/* Begin PBXResourcesBuildPhase section */
		F7F57D8C217A07F10012C466 /* Resources */ = {
			isa = PBXResourcesBuildPhase;
			buildActionMask = 2147483647;
			files = (
				F7F57D9F217A07F20012C466 /* LaunchScreen.storyboard in Resources */,
				F7F57D9C217A07F20012C466 /* Assets.xcassets in Resources */,
				F7F57D97217A07F10012C466 /* Main.storyboard in Resources */,
			);
			runOnlyForDeploymentPostprocessing = 0;
		};
/* End PBXResourcesBuildPhase section */

/* Begin PBXSourcesBuildPhase section */
		F7F57D8A217A07F10012C466 /* Sources */ = {
			isa = PBXSourcesBuildPhase;
			buildActionMask = 2147483647;
			files = (
				F7F57D94217A07F10012C466 /* MainListViewController.swift in Sources */,
				F7F57D92217A07F10012C466 /* AppDelegate.swift in Sources */,
				F7F57D9A217A07F10012C466 /* tabletry.xcdatamodeld in Sources */,
				F72996BD21874C2900BC9D99 /* DatabaseHelper.swift in Sources */,
				F7F57DB9217F76490012C466 /* MyItem.swift in Sources */,
				F7F57DB3217E556C0012C466 /* DetailViewController.swift in Sources */,
				F7DCDBEC2199AD3C001A5034 /* InternetConnection.swift in Sources */,
				F7F57DB7217F73050012C466 /* BasketTableViewController.swift in Sources */,
			);
			runOnlyForDeploymentPostprocessing = 0;
		};
/* End PBXSourcesBuildPhase section */

/* Begin PBXVariantGroup section */
		F7F57D95217A07F10012C466 /* Main.storyboard */ = {
			isa = PBXVariantGroup;
			children = (
				F7F57D96217A07F10012C466 /* Base */,
			);
			name = Main.storyboard;
			sourceTree = "<group>";
		};
		F7F57D9D217A07F20012C466 /* LaunchScreen.storyboard */ = {
			isa = PBXVariantGroup;
			children = (
				F7F57D9E217A07F20012C466 /* Base */,
			);
			name = LaunchScreen.storyboard;
			sourceTree = "<group>";
		};
/* End PBXVariantGroup section */

/* Begin XCBuildConfiguration section */
		F7F57DA1217A07F20012C466 /* Debug */ = {
			isa = XCBuildConfiguration;
			buildSettings = {
				ALWAYS_SEARCH_USER_PATHS = NO;
				CLANG_ANALYZER_NONNULL = YES;
				CLANG_ANALYZER_NUMBER_OBJECT_CONVERSION = YES_AGGRESSIVE;
				CLANG_CXX_LANGUAGE_STANDARD = "gnu++14";
				CLANG_CXX_LIBRARY = "libc++";
				CLANG_ENABLE_MODULES = YES;
				CLANG_ENABLE_OBJC_ARC = YES;
				CLANG_ENABLE_OBJC_WEAK = YES;
				CLANG_WARN_BLOCK_CAPTURE_AUTORELEASING = YES;
				CLANG_WARN_BOOL_CONVERSION = YES;
				CLANG_WARN_COMMA = YES;
				CLANG_WARN_CONSTANT_CONVERSION = YES;
				CLANG_WARN_DEPRECATED_OBJC_IMPLEMENTATIONS = YES;
				CLANG_WARN_DIRECT_OBJC_ISA_USAGE = YES_ERROR;
				CLANG_WARN_DOCUMENTATION_COMMENTS = YES;
				CLANG_WARN_EMPTY_BODY = YES;
				CLANG_WARN_ENUM_CONVERSION = YES;
				CLANG_WARN_INFINITE_RECURSION = YES;
				CLANG_WARN_INT_CONVERSION = YES;
				CLANG_WARN_NON_LITERAL_NULL_CONVERSION = YES;
				CLANG_WARN_OBJC_IMPLICIT_RETAIN_SELF = YES;
				CLANG_WARN_OBJC_LITERAL_CONVERSION = YES;
				CLANG_WARN_OBJC_ROOT_CLASS = YES_ERROR;
				CLANG_WARN_RANGE_LOOP_ANALYSIS = YES;
				CLANG_WARN_STRICT_PROTOTYPES = YES;
				CLANG_WARN_SUSPICIOUS_MOVE = YES;
				CLANG_WARN_UNGUARDED_AVAILABILITY = YES_AGGRESSIVE;
				CLANG_WARN_UNREACHABLE_CODE = YES;
				CLANG_WARN__DUPLICATE_METHOD_MATCH = YES;
				CODE_SIGN_IDENTITY = "iPhone Developer";
				COPY_PHASE_STRIP = NO;
				DEBUG_INFORMATION_FORMAT = dwarf;
				ENABLE_STRICT_OBJC_MSGSEND = YES;
				ENABLE_TESTABILITY = YES;
				GCC_C_LANGUAGE_STANDARD = gnu11;
				GCC_DYNAMIC_NO_PIC = NO;
				GCC_NO_COMMON_BLOCKS = YES;
				GCC_OPTIMIZATION_LEVEL = 0;
				GCC_PREPROCESSOR_DEFINITIONS = (
					"DEBUG=1",
					"$(inherited)",
				);
				GCC_WARN_64_TO_32_BIT_CONVERSION = YES;
				GCC_WARN_ABOUT_RETURN_TYPE = YES_ERROR;
				GCC_WARN_UNDECLARED_SELECTOR = YES;
				GCC_WARN_UNINITIALIZED_AUTOS = YES_AGGRESSIVE;
				GCC_WARN_UNUSED_FUNCTION = YES;
				GCC_WARN_UNUSED_VARIABLE = YES;
				IPHONEOS_DEPLOYMENT_TARGET = 12.0;
				MTL_ENABLE_DEBUG_INFO = INCLUDE_SOURCE;
				MTL_FAST_MATH = YES;
				ONLY_ACTIVE_ARCH = YES;
				SDKROOT = iphoneos;
				SWIFT_ACTIVE_COMPILATION_CONDITIONS = DEBUG;
				SWIFT_OPTIMIZATION_LEVEL = "-Onone";
			};
			name = Debug;
		};
		F7F57DA2217A07F20012C466 /* Release */ = {
			isa = XCBuildConfiguration;
			buildSettings = {
				ALWAYS_SEARCH_USER_PATHS = NO;
				CLANG_ANALYZER_NONNULL = YES;
				CLANG_ANALYZER_NUMBER_OBJECT_CONVERSION = YES_AGGRESSIVE;
				CLANG_CXX_LANGUAGE_STANDARD = "gnu++14";
				CLANG_CXX_LIBRARY = "libc++";
				CLANG_ENABLE_MODULES = YES;
				CLANG_ENABLE_OBJC_ARC = YES;
				CLANG_ENABLE_OBJC_WEAK = YES;
				CLANG_WARN_BLOCK_CAPTURE_AUTORELEASING = YES;
				CLANG_WARN_BOOL_CONVERSION = YES;
				CLANG_WARN_COMMA = YES;
				CLANG_WARN_CONSTANT_CONVERSION = YES;
				CLANG_WARN_DEPRECATED_OBJC_IMPLEMENTATIONS = YES;
				CLANG_WARN_DIRECT_OBJC_ISA_USAGE = YES_ERROR;
				CLANG_WARN_DOCUMENTATION_COMMENTS = YES;
				CLANG_WARN_EMPTY_BODY = YES;
				CLANG_WARN_ENUM_CONVERSION = YES;
				CLANG_WARN_INFINITE_RECURSION = YES;
				CLANG_WARN_INT_CONVERSION = YES;
				CLANG_WARN_NON_LITERAL_NULL_CONVERSION = YES;
				CLANG_WARN_OBJC_IMPLICIT_RETAIN_SELF = YES;
				CLANG_WARN_OBJC_LITERAL_CONVERSION = YES;
				CLANG_WARN_OBJC_ROOT_CLASS = YES_ERROR;
				CLANG_WARN_RANGE_LOOP_ANALYSIS = YES;
				CLANG_WARN_STRICT_PROTOTYPES = YES;
				CLANG_WARN_SUSPICIOUS_MOVE = YES;
				CLANG_WARN_UNGUARDED_AVAILABILITY = YES_AGGRESSIVE;
				CLANG_WARN_UNREACHABLE_CODE = YES;
				CLANG_WARN__DUPLICATE_METHOD_MATCH = YES;
				CODE_SIGN_IDENTITY = "iPhone Developer";
				COPY_PHASE_STRIP = NO;
				DEBUG_INFORMATION_FORMAT = "dwarf-with-dsym";
				ENABLE_NS_ASSERTIONS = NO;
				ENABLE_STRICT_OBJC_MSGSEND = YES;
				GCC_C_LANGUAGE_STANDARD = gnu11;
				GCC_NO_COMMON_BLOCKS = YES;
				GCC_WARN_64_TO_32_BIT_CONVERSION = YES;
				GCC_WARN_ABOUT_RETURN_TYPE = YES_ERROR;
				GCC_WARN_UNDECLARED_SELECTOR = YES;
				GCC_WARN_UNINITIALIZED_AUTOS = YES_AGGRESSIVE;
				GCC_WARN_UNUSED_FUNCTION = YES;
				GCC_WARN_UNUSED_VARIABLE = YES;
				IPHONEOS_DEPLOYMENT_TARGET = 12.0;
				MTL_ENABLE_DEBUG_INFO = NO;
				MTL_FAST_MATH = YES;
				SDKROOT = iphoneos;
				SWIFT_COMPILATION_MODE = wholemodule;
				SWIFT_OPTIMIZATION_LEVEL = "-O";
				VALIDATE_PRODUCT = YES;
			};
			name = Release;
		};
		F7F57DA4217A07F20012C466 /* Debug */ = {
			isa = XCBuildConfiguration;
			buildSettings = {
				ASSETCATALOG_COMPILER_APPICON_NAME = AppIcon;
				CODE_SIGN_STYLE = Automatic;
				DEVELOPMENT_TEAM = CH5H38J3A9;
				INFOPLIST_FILE = tabletry/Info.plist;
				IPHONEOS_DEPLOYMENT_TARGET = 11.0;
				LD_RUNPATH_SEARCH_PATHS = (
					"$(inherited)",
					"@executable_path/Frameworks",
				);
				PRODUCT_BUNDLE_IDENTIFIER = com.pdg.tabletry;
				PRODUCT_NAME = "$(TARGET_NAME)";
				SWIFT_VERSION = 4.2;
				TARGETED_DEVICE_FAMILY = 1;
			};
			name = Debug;
		};
		F7F57DA5217A07F20012C466 /* Release */ = {
			isa = XCBuildConfiguration;
			buildSettings = {
				ASSETCATALOG_COMPILER_APPICON_NAME = AppIcon;
				CODE_SIGN_STYLE = Automatic;
				DEVELOPMENT_TEAM = CH5H38J3A9;
				INFOPLIST_FILE = tabletry/Info.plist;
				IPHONEOS_DEPLOYMENT_TARGET = 11.0;
				LD_RUNPATH_SEARCH_PATHS = (
					"$(inherited)",
					"@executable_path/Frameworks",
				);
				PRODUCT_BUNDLE_IDENTIFIER = com.pdg.tabletry;
				PRODUCT_NAME = "$(TARGET_NAME)";
				SWIFT_VERSION = 4.2;
				TARGETED_DEVICE_FAMILY = 1;
			};
			name = Release;
		};
/* End XCBuildConfiguration section */

/* Begin XCConfigurationList section */
		F7F57D89217A07F10012C466 /* Build configuration list for PBXProject "tabletry" */ = {
			isa = XCConfigurationList;
			buildConfigurations = (
				F7F57DA1217A07F20012C466 /* Debug */,
				F7F57DA2217A07F20012C466 /* Release */,
			);
			defaultConfigurationIsVisible = 0;
			defaultConfigurationName = Release;
		};
		F7F57DA3217A07F20012C466 /* Build configuration list for PBXNativeTarget "tabletry" */ = {
			isa = XCConfigurationList;
			buildConfigurations = (
				F7F57DA4217A07F20012C466 /* Debug */,
				F7F57DA5217A07F20012C466 /* Release */,
			);
			defaultConfigurationIsVisible = 0;
			defaultConfigurationName = Release;
		};
/* End XCConfigurationList section */

/* Begin XCVersionGroup section */
		F7F57D98217A07F10012C466 /* tabletry.xcdatamodeld */ = {
			isa = XCVersionGroup;
			children = (
				F7F57D99217A07F10012C466 /* tabletry.xcdatamodel */,
			);
			currentVersion = F7F57D99217A07F10012C466 /* tabletry.xcdatamodel */;
			path = tabletry.xcdatamodeld;
			sourceTree = "<group>";
			versionGroupType = wrapper.xcdatamodel;
		};
/* End XCVersionGroup section */
	};
	rootObject = F7F57D86217A07F10012C466 /* Project object */;
}
